Microsoft Visual Studio Solution File, Format Version 12.00
# Visual Studio Version 17
VisualStudioVersion = 17.5.2.0
MinimumVisualStudioVersion = 10.0.40219.1
Project("{FAE04EC0-301F-11D3-BF4B-00C04F79EFBC}") = "DiagnosticScenarios", "DiagnosticScenarios\DiagnosticScenarios.csproj", "{3C465DE5-F457-CB4A-77FB-48FFA5B71794}"
EndProject
Global
	GlobalSection(SolutionConfigurationPlatforms) = preSolution
		Debug|Any CPU = Debug|Any CPU
		Release|Any CPU = Release|Any CPU
	EndGlobalSection
	GlobalSection(ProjectConfigurationPlatforms) = postSolution
		{3C465DE5-F457-CB4A-77FB-48FFA5B71794}.Debug|Any CPU.ActiveCfg = Debug|Any CPU
		{3C465DE5-F457-CB4A-77FB-48FFA5B71794}.Debug|Any CPU.Build.0 = Debug|Any CPU
		{3C465DE5-F457-CB4A-77FB-48FFA5B71794}.Release|Any CPU.ActiveCfg = Release|Any CPU
		{3C465DE5-F457-CB4A-77FB-48FFA5B71794}.Release|Any CPU.Build.0 = Release|Any CPU
	EndGlobalSection
	GlobalSection(SolutionProperties) = preSolution
		HideSolutionNode = FALSE
	EndGlobalSection
	GlobalSection(ExtensibilityGlobals) = postSolution
		SolutionGuid = {E1A893C8-5E78-460A-A8E4-E6BA1C68F97C}
	EndGlobalSection
EndGlobal
